# THIS IS AN AUTOGENERATED FILE. DO NOT EDIT THIS FILE DIRECTLY.
# yarn lockfile v1


"@babel/helper-annotate-as-pure@^7.0.0":
  version "7.0.0"
  resolved "https://registry.yarnpkg.com/@babel/helper-annotate-as-pure/-/helper-annotate-as-pure-7.0.0.tgz#323d39dd0b50e10c7c06ca7d7638e6864d8c5c32"
  integrity sha512-3UYcJUj9kvSLbLbUIfQTqzcy5VX7GRZ/CCDrnOaZorFFM01aXp1+GJwuFGV4NDDoAS+mOUyHcO6UD/RfqOks3Q==
  dependencies:
    "@babel/types" "^7.0.0"

"@babel/runtime@^7.0.0":
  version "7.1.2"
  resolved "https://registry.yarnpkg.com/@babel/runtime/-/runtime-7.1.2.tgz#81c89935f4647706fc54541145e6b4ecfef4b8e3"
  integrity sha512-Y3SCjmhSupzFB6wcv1KmmFucH6gDVnI30WjOcicV10ju0cZjak3Jcs67YLIXBrmZYw1xCrVeJPbycFwrqNyxpg==
  dependencies:
    regenerator-runtime "^0.12.0"

"@babel/types@^7.0.0":
  version "7.1.3"
  resolved "https://registry.yarnpkg.com/@babel/types/-/types-7.1.3.tgz#3a767004567060c2f40fca49a304712c525ee37d"
  integrity sha512-RpPOVfK+yatXyn8n4PB1NW6k9qjinrXrRR8ugBN8fD6hCy5RXI6PSbVqpOJBO9oSaY7Nom4ohj35feb0UR9hSA==
  dependencies:
    esutils "^2.0.2"
    lodash "^4.17.10"
    to-fast-properties "^2.0.0"

"@emotion/is-prop-valid@^0.6.8":
  version "0.6.8"
  resolved "https://registry.yarnpkg.com/@emotion/is-prop-valid/-/is-prop-valid-0.6.8.tgz#68ad02831da41213a2089d2cab4e8ac8b30cbd85"
  integrity sha512-IMSL7ekYhmFlILXcouA6ket3vV7u9BqStlXzbKOF9HBtpUPMMlHU+bBxrLOa2NvleVwNIxeq/zL8LafLbeUXcA==
  dependencies:
    "@emotion/memoize" "^0.6.6"

"@emotion/memoize@^0.6.6":
  version "0.6.6"
  resolved "https://registry.yarnpkg.com/@emotion/memoize/-/memoize-0.6.6.tgz#004b98298d04c7ca3b4f50ca2035d4f60d2eed1b"
  integrity sha512-h4t4jFjtm1YV7UirAFuSuFGyLa+NNxjdkq6DpFLANNQY5rHueFZHVY+8Cu1HYVP6DrheB0kv4m5xPjo7eKT7yQ==

"@reach/router@^1.2.1":
  version "1.2.1"
  resolved "https://registry.yarnpkg.com/@reach/router/-/router-1.2.1.tgz#34ae3541a5ac44fa7796e5506a5d7274a162be4e"
  integrity sha512-kTaX08X4g27tzIFQGRukaHmNbtMYDS3LEWIS8+l6OayGIw6Oyo1HIF/JzeuR2FoF9z6oV+x/wJSVSq4v8tcUGQ==
  dependencies:
    create-react-context "^0.2.1"
    invariant "^2.2.3"
    prop-types "^15.6.1"
    react-lifecycles-compat "^3.0.4"
    warning "^3.0.0"

"@types/async@2.0.49":
  version "2.0.49"
  resolved "https://registry.yarnpkg.com/@types/async/-/async-2.0.49.tgz#92e33d13f74c895cb9a7f38ba97db8431ed14bc0"
  integrity sha512-Benr3i5odUkvpFkOpzGqrltGdbSs+EVCkEBGXbuR7uT0VzhXKIkhem6PDzHdx5EonA+rfbB3QvP6aDOw5+zp5Q==

"@types/zen-observable@^0.8.0":
  version "0.8.0"
  resolved "https://registry.yarnpkg.com/@types/zen-observable/-/zen-observable-0.8.0.tgz#8b63ab7f1aa5321248aad5ac890a485656dcea4d"
  integrity sha512-te5lMAWii1uEJ4FwLjzdlbw3+n0FZNOvFXHxQDKeT0dilh7HOzdMzV2TrJVUzq8ep7J4Na8OUYPRLSQkJHAlrg==

apollo-boost@^0.1.16:
  version "0.1.16"
  resolved "https://registry.yarnpkg.com/apollo-boost/-/apollo-boost-0.1.16.tgz#77f73a30c49ab6d749ddc3e5683a7e322c15f07d"
  integrity sha512-ppnQr90n2cn0ZMveEbqxW6NxmskIpThiLziLlRpRLy4keoAICg1NZecxJQmeaBLMtyhf5UholAjpS2SLmEJeHg==
  dependencies:
    apollo-cache "^1.1.17"
    apollo-cache-inmemory "^1.2.10"
    apollo-client "^2.4.2"
    apollo-link "^1.0.6"
    apollo-link-error "^1.0.3"
    apollo-link-http "^1.3.1"
    apollo-link-state "^0.4.0"
    graphql-tag "^2.4.2"

apollo-cache-inmemory@^1.2.10:
  version "1.3.5"
  resolved "https://registry.yarnpkg.com/apollo-cache-inmemory/-/apollo-cache-inmemory-1.3.5.tgz#7628ee598271cfffa611e15a7ce67652a84b07b0"
  integrity sha512-CD4Dl9vcCp7N05KUqR3rNDj2WJ1DQNNfeyBUIo5T6XTiUhfBQp5x+CL7S+ezy5mPp+xo4TnwFzLFh/vy2LdDog==
  dependencies:
    apollo-cache "^1.1.17"
    apollo-utilities "^1.0.21"
    optimism "^0.6.6"

apollo-cache@1.1.17, apollo-cache@^1.1.17:
  version "1.1.17"
  resolved "https://registry.yarnpkg.com/apollo-cache/-/apollo-cache-1.1.17.tgz#1fcca8423125223723b97fd72808be91a1a76490"
  integrity sha512-7sp24n2HZO4vXgTaKNomLyIfGxG4gDdDkBB0jkRzRi7HhnKmfwhiF/RCiKNbgLdrPX151INdls0KwIVliD0dHQ==
  dependencies:
    apollo-utilities "^1.0.21"

apollo-client@^2.4.2:
  version "2.4.2"
  resolved "https://registry.yarnpkg.com/apollo-client/-/apollo-client-2.4.2.tgz#d2f044d8740723bf98a6d8d8b9684ee8c36150e6"
  integrity sha512-g1z23umaVSoKLj9xNl0aAnk2KBF4JeBi7MeKFc9CGTixH7TkqeQUQtxcjrC7j2h4KmDbuhOAHOFUGf8YshN+ag==
  dependencies:
    "@types/zen-observable" "^0.8.0"
    apollo-cache "1.1.17"
    apollo-link "^1.0.0"
    apollo-link-dedup "^1.0.0"
    apollo-utilities "1.0.21"
    symbol-observable "^1.0.2"
    zen-observable "^0.8.0"
  optionalDependencies:
    "@types/async" "2.0.49"

apollo-link-dedup@^1.0.0:
  version "1.0.10"
  resolved "https://registry.yarnpkg.com/apollo-link-dedup/-/apollo-link-dedup-1.0.10.tgz#7b94589fe7f969777efd18a129043c78430800ae"
  integrity sha512-tpUI9lMZsidxdNygSY1FxflXEkUZnvKRkMUsXXuQUNoSLeNtEvUX7QtKRAl4k9ubLl8JKKc9X3L3onAFeGTK8w==
  dependencies:
    apollo-link "^1.2.3"

apollo-link-error@^1.0.3:
  version "1.1.1"
  resolved "https://registry.yarnpkg.com/apollo-link-error/-/apollo-link-error-1.1.1.tgz#69d7124d4dc11ce60f505c940f05d4f1aa0945fb"
  integrity sha512-/yPcaQWcBdB94vpJ4FsiCJt1dAGGRm+6Tsj3wKwP+72taBH+UsGRQQZk7U/1cpZwl1yqhHZn+ZNhVOebpPcIlA==
  dependencies:
    apollo-link "^1.2.3"

apollo-link-http-common@^0.2.5:
  version "0.2.5"
  resolved "https://registry.yarnpkg.com/apollo-link-http-common/-/apollo-link-http-common-0.2.5.tgz#d094beb7971523203359bf830bfbfa7b4e7c30ed"
  integrity sha512-6FV1wr5AqAyJ64Em1dq5hhGgiyxZE383VJQmhIoDVc3MyNcFL92TkhxREOs4rnH2a9X2iJMko7nodHSGLC6d8w==
  dependencies:
    apollo-link "^1.2.3"

apollo-link-http@^1.3.1:
  version "1.5.5"
  resolved "https://registry.yarnpkg.com/apollo-link-http/-/apollo-link-http-1.5.5.tgz#7dbe851821771ad67fa29e3900c57f38cbd80da8"
  integrity sha512-C5N6N/mRwmepvtzO27dgMEU3MMtRKSqcljBkYNZmWwH11BxkUQ5imBLPM3V4QJXNE7NFuAQAB5PeUd4ligivTQ==
  dependencies:
    apollo-link "^1.2.3"
    apollo-link-http-common "^0.2.5"

apollo-link-state@^0.4.0:
  version "0.4.2"
  resolved "https://registry.yarnpkg.com/apollo-link-state/-/apollo-link-state-0.4.2.tgz#ac00e9be9b0ca89eae0be6ba31fe904b80bbe2e8"
  integrity sha512-xMPcAfuiPVYXaLwC6oJFIZrKgV3GmdO31Ag2eufRoXpvT0AfJZjdaPB4450Nu9TslHRePN9A3quxNueILlQxlw==
  dependencies:
    apollo-utilities "^1.0.8"
    graphql-anywhere "^4.1.0-alpha.0"

apollo-link@^1.0.0, apollo-link@^1.0.6, apollo-link@^1.2.3:
  version "1.2.3"
  resolved "https://registry.yarnpkg.com/apollo-link/-/apollo-link-1.2.3.tgz#9bd8d5fe1d88d31dc91dae9ecc22474d451fb70d"
  integrity sha512-iL9yS2OfxYhigme5bpTbmRyC+Htt6tyo2fRMHT3K1XRL/C5IQDDz37OjpPy4ndx7WInSvfSZaaOTKFja9VWqSw==
  dependencies:
    apollo-utilities "^1.0.0"
    zen-observable-ts "^0.8.10"

apollo-utilities@1.0.21, apollo-utilities@^1.0.0, apollo-utilities@^1.0.21, apollo-utilities@^1.0.8:
  version "1.0.21"
  resolved "https://registry.yarnpkg.com/apollo-utilities/-/apollo-utilities-1.0.21.tgz#cb8b5779fe275850b16046ff8373f4af2de90765"
  integrity sha512-ZcxELlEl+sDCYBgEMdNXJAsZtRVm8wk4HIA58bMsqYfd1DSAJQEtZ93F0GZgYNAGy3QyaoBeZtbb0/01++G8JQ==
  dependencies:
    fast-json-stable-stringify "^2.0.0"
    fclone "^1.0.11"

asap@~2.0.3:
  version "2.0.6"
  resolved "https://registry.yarnpkg.com/asap/-/asap-2.0.6.tgz#e50347611d7e690943208bbdafebcbc2fb866d46"
  integrity sha1-5QNHYR1+aQlDIIu9r+vLwvuGbUY=

"babel-plugin-styled-components@>= 1", babel-plugin-styled-components@^1.8.0:
  version "1.8.0"
  resolved "https://registry.yarnpkg.com/babel-plugin-styled-components/-/babel-plugin-styled-components-1.8.0.tgz#9dd054c8e86825203449a852a5746f29f2dab857"
  integrity sha512-PcrdbXFO/9Plo9JURIj8G0Dsz+Ct8r+NvjoLh6qPt8Y/3EIAj1gHGW1ocPY1IkQbXZLBEZZSRBAxJem1KFdBXg==
  dependencies:
    "@babel/helper-annotate-as-pure" "^7.0.0"
    lodash "^4.17.10"

classnames@^2.2.6:
  version "2.2.6"
  resolved "https://registry.yarnpkg.com/classnames/-/classnames-2.2.6.tgz#43935bffdd291f326dad0a205309b38d00f650ce"
  integrity sha512-JR/iSQOSt+LQIWwrwEzJ9uk0xfN3mTVYMwt1Ir5mUcSN6pU+V4zQFFaJsclJbPuAUQH+yfWef6tm7l1quW3C8Q==

core-js@^1.0.0:
  version "1.2.7"
  resolved "https://registry.yarnpkg.com/core-js/-/core-js-1.2.7.tgz#652294c14651db28fa93bd2d5ff2983a4f08c636"
  integrity sha1-ZSKUwUZR2yj6k70tX/KYOk8IxjY=

core-js@^2.4.1:
  version "2.5.7"
  resolved "https://registry.yarnpkg.com/core-js/-/core-js-2.5.7.tgz#f972608ff0cead68b841a16a932d0b183791814e"
  integrity sha512-RszJCAxg/PP6uzXVXL6BsxSXx/B05oJAQ2vkJRjyjrEcNVycaqOmNb5OTxZPE3xa5gwZduqza6L9JOCenh/Ecw==

create-react-context@^0.2.1:
  version "0.2.3"
  resolved "https://registry.yarnpkg.com/create-react-context/-/create-react-context-0.2.3.tgz#9ec140a6914a22ef04b8b09b7771de89567cb6f3"
  integrity sha512-CQBmD0+QGgTaxDL3OX1IDXYqjkp2It4RIbcb99jS6AEg27Ga+a9G3JtK6SIu0HBwPLZlmwt9F7UwWA4Bn92Rag==
  dependencies:
    fbjs "^0.8.0"
    gud "^1.0.0"

css-color-keywords@^1.0.0:
  version "1.0.0"
  resolved "https://registry.yarnpkg.com/css-color-keywords/-/css-color-keywords-1.0.0.tgz#fea2616dc676b2962686b3af8dbdbe180b244e05"
  integrity sha1-/qJhbcZ2spYmhrOvjb2+GAskTgU=

css-to-react-native@^2.2.2:
  version "2.2.2"
  resolved "https://registry.yarnpkg.com/css-to-react-native/-/css-to-react-native-2.2.2.tgz#c077d0f7bf3e6c915a539e7325821c9dd01f9965"
  integrity sha512-w99Fzop1FO8XKm0VpbQp3y5mnTnaS+rtCvS+ylSEOK76YXO5zoHQx/QMB1N54Cp+Ya9jB9922EHrh14ld4xmmw==
  dependencies:
    css-color-keywords "^1.0.0"
    fbjs "^0.8.5"
    postcss-value-parser "^3.3.0"

dom-helpers@^3.3.1:
  version "3.3.1"
  resolved "https://registry.yarnpkg.com/dom-helpers/-/dom-helpers-3.3.1.tgz#fc1a4e15ffdf60ddde03a480a9c0fece821dd4a6"
  integrity sha512-2Sm+JaYn74OiTM2wHvxJOo3roiq/h25Yi69Fqk269cNUwIXsCvATB6CRSFC9Am/20G2b28hGv/+7NiWydIrPvg==

encoding@^0.1.11:
  version "0.1.12"
  resolved "https://registry.yarnpkg.com/encoding/-/encoding-0.1.12.tgz#538b66f3ee62cd1ab51ec323829d1f9480c74beb"
  integrity sha1-U4tm8+5izRq1HsMjgp0flIDHS+s=
  dependencies:
    iconv-lite "~0.4.13"

esutils@^2.0.2:
  version "2.0.2"
  resolved "https://registry.yarnpkg.com/esutils/-/esutils-2.0.2.tgz#0abf4f1caa5bcb1f7a9d8acc6dea4faaa04bac9b"
  integrity sha1-Cr9PHKpbyx96nYrMbepPqqBLrJs=

fast-json-stable-stringify@^2.0.0:
  version "2.0.0"
  resolved "https://registry.yarnpkg.com/fast-json-stable-stringify/-/fast-json-stable-stringify-2.0.0.tgz#d5142c0caee6b1189f87d3a76111064f86c8bbf2"
  integrity sha1-1RQsDK7msRifh9OnYREGT4bIu/I=

fbjs-css-vars@^1.0.0:
  version "1.0.1"
  resolved "https://registry.yarnpkg.com/fbjs-css-vars/-/fbjs-css-vars-1.0.1.tgz#836d876e887d702f45610f5ebd2fbeef649527fc"
  integrity sha512-IM+v/C40MNZWqsLErc32e0TyIk/NhkkQZL0QmjBh6zi1eXv0/GeVKmKmueQX7nn9SXQBQbTUcB8zuexIF3/88w==

fbjs@^0.8.0, fbjs@^0.8.5:
  version "0.8.17"
  resolved "https://registry.yarnpkg.com/fbjs/-/fbjs-0.8.17.tgz#c4d598ead6949112653d6588b01a5cdcd9f90fdd"
  integrity sha1-xNWY6taUkRJlPWWIsBpc3Nn5D90=
  dependencies:
    core-js "^1.0.0"
    isomorphic-fetch "^2.1.1"
    loose-envify "^1.0.0"
    object-assign "^4.1.0"
    promise "^7.1.1"
    setimmediate "^1.0.5"
    ua-parser-js "^0.7.18"

fbjs@^1.0.0:
  version "1.0.0"
  resolved "https://registry.yarnpkg.com/fbjs/-/fbjs-1.0.0.tgz#52c215e0883a3c86af2a7a776ed51525ae8e0a5a"
  integrity sha512-MUgcMEJaFhCaF1QtWGnmq9ZDRAzECTCRAF7O6UZIlAlkTs1SasiX9aP0Iw7wfD2mJ7wDTNfg2w7u5fSCwJk1OA==
  dependencies:
    core-js "^2.4.1"
    fbjs-css-vars "^1.0.0"
    isomorphic-fetch "^2.1.1"
    loose-envify "^1.0.0"
    object-assign "^4.1.0"
    promise "^7.1.1"
    setimmediate "^1.0.5"
    ua-parser-js "^0.7.18"

fclone@^1.0.11:
  version "1.0.11"
  resolved "https://registry.yarnpkg.com/fclone/-/fclone-1.0.11.tgz#10e85da38bfea7fc599341c296ee1d77266ee640"
  integrity sha1-EOhdo4v+p/xZk0HClu4ddyZu5kA=

graphql-anywhere@^4.1.0-alpha.0:
  version "4.1.19"
  resolved "https://registry.yarnpkg.com/graphql-anywhere/-/graphql-anywhere-4.1.19.tgz#5f6ca3b58218e5449f4798e3c6d942fcd2fef082"
  integrity sha512-mQlvbECzYPBcgBC9JsdM4v+DSvNmcIP+8Vwr+ij3gktbaLSE0Iza30mztuz40Jlf7ooMs+0emBZucNjLzqz7tA==
  dependencies:
    apollo-utilities "^1.0.21"

graphql-tag@^2.4.2:
  version "2.10.0"
  resolved "https://registry.yarnpkg.com/graphql-tag/-/graphql-tag-2.10.0.tgz#87da024be863e357551b2b8700e496ee2d4353ae"
  integrity sha512-9FD6cw976TLLf9WYIUPCaaTpniawIjHWZSwIRZSjrfufJamcXbVVYfN2TWvJYbw0Xf2JjYbl1/f2+wDnBVw3/w==

graphql@^14.0.2:
  version "14.0.2"
  resolved "https://registry.yarnpkg.com/graphql/-/graphql-14.0.2.tgz#7dded337a4c3fd2d075692323384034b357f5650"
  integrity sha512-gUC4YYsaiSJT1h40krG3J+USGlwhzNTXSb4IOZljn9ag5Tj+RkoXrWp+Kh7WyE3t1NCfab5kzCuxBIvOMERMXw==
  dependencies:
    iterall "^1.2.2"

gud@^1.0.0:
  version "1.0.0"
  resolved "https://registry.yarnpkg.com/gud/-/gud-1.0.0.tgz#a489581b17e6a70beca9abe3ae57de7a499852c0"
  integrity sha512-zGEOVKFM5sVPPrYs7J5/hYEw2Pof8KCyOwyhG8sAF26mCAeUFAcYPu1mwB7hhpIP29zOIBaDqwuHdLp0jvZXjw==

hoist-non-react-statics@^3.0.0:
  version "3.0.1"
  resolved "https://registry.yarnpkg.com/hoist-non-react-statics/-/hoist-non-react-statics-3.0.1.tgz#fba3e7df0210eb9447757ca1a7cb607162f0a364"
  integrity sha512-1kXwPsOi0OGQIZNVMPvgWJ9tSnGMiMfJdihqEzrPEXlHOBh9AAHXX/QYmAJTXztnz/K+PQ8ryCb4eGaN6HlGbQ==
  dependencies:
    react-is "^16.3.2"

iconv-lite@~0.4.13:
  version "0.4.24"
  resolved "https://registry.yarnpkg.com/iconv-lite/-/iconv-lite-0.4.24.tgz#2022b4b25fbddc21d2f524974a474aafe733908b"
  integrity sha512-v3MXnZAcvnywkTUEZomIActle7RXXeedOR31wwl7VlyoXO4Qi9arvSenNQWne1TcRwhCL1HwLI21bEqdpj8/rA==
  dependencies:
    safer-buffer ">= 2.1.2 < 3"

immutable-tuple@^0.4.4:
  version "0.4.8"
  resolved "https://registry.yarnpkg.com/immutable-tuple/-/immutable-tuple-0.4.8.tgz#f60b65b863d34be39d307d1bbf4a450e1ac3048a"
  integrity sha512-1m29EVSrF+LJJAyVo1v12NsIalVKjyi4HNQVQDBx+LNCIuRXnfeMCHuLao5CyN1m3Sn0T63U5JEkmPArPCipQA==

invariant@^2.2.2, invariant@^2.2.3:
  version "2.2.4"
  resolved "https://registry.yarnpkg.com/invariant/-/invariant-2.2.4.tgz#610f3c92c9359ce1db616e538008d23ff35158e6"
  integrity sha512-phJfQVBuaJM5raOpJjSfkiD6BpbCE4Ns//LaXl6wGYtUBY83nWS6Rf9tXm2e8VaK60JEjYldbPif/A2B1C2gNA==
  dependencies:
    loose-envify "^1.0.0"

is-stream@^1.0.1:
  version "1.1.0"
  resolved "https://registry.yarnpkg.com/is-stream/-/is-stream-1.1.0.tgz#12d4a3dd4e68e0b79ceb8dbc84173ae80d91ca44"
  integrity sha1-EtSj3U5o4Lec6428hBc66A2RykQ=

isomorphic-fetch@^2.1.1:
  version "2.2.1"
  resolved "https://registry.yarnpkg.com/isomorphic-fetch/-/isomorphic-fetch-2.2.1.tgz#611ae1acf14f5e81f729507472819fe9733558a9"
  integrity sha1-YRrhrPFPXoH3KVB0coGf6XM1WKk=
  dependencies:
    node-fetch "^1.0.1"
    whatwg-fetch ">=0.10.0"

iterall@^1.2.2:
  version "1.2.2"
  resolved "https://registry.yarnpkg.com/iterall/-/iterall-1.2.2.tgz#92d70deb8028e0c39ff3164fdbf4d8b088130cd7"
  integrity sha512-yynBb1g+RFUPY64fTrFv7nsjRrENBQJaX2UL+2Szc9REFrSNm1rpSXHGzhmAy7a9uv3vlvgBlXnf9RqmPH1/DA==

"js-tokens@^3.0.0 || ^4.0.0":
  version "4.0.0"
  resolved "https://registry.yarnpkg.com/js-tokens/-/js-tokens-4.0.0.tgz#19203fb59991df98e3a287050d4647cdeaf32499"
  integrity sha512-RdJUflcE3cUzKiMqQgsCu06FPu9UdIJO0beYbPhHN4k6apgJtifcoCtT9bcxOpYBtpD2kCM6Sbzg4CausW/PKQ==

lodash.flowright@^3.5.0:
  version "3.5.0"
  resolved "https://registry.yarnpkg.com/lodash.flowright/-/lodash.flowright-3.5.0.tgz#2b5fff399716d7e7dc5724fe9349f67065184d67"
  integrity sha1-K1//OZcW1+fcVyT+k0n2cGUYTWc=

lodash.isequal@^4.5.0:
  version "4.5.0"
  resolved "https://registry.yarnpkg.com/lodash.isequal/-/lodash.isequal-4.5.0.tgz#415c4478f2bcc30120c22ce10ed3226f7d3e18e0"
  integrity sha1-QVxEePK8wwEgwizhDtMib30+GOA=

lodash@^4.17.10:
  version "4.17.11"
  resolved "https://registry.yarnpkg.com/lodash/-/lodash-4.17.11.tgz#b39ea6229ef607ecd89e2c8df12536891cac9b8d"
  integrity sha512-cQKh8igo5QUhZ7lg38DYWAxMvjSAKG0A8wGSVimP07SIUEK2UO+arSRKbRZWtelMtN5V0Hkwh5ryOto/SshYIg==

loose-envify@^1.0.0, loose-envify@^1.3.1, loose-envify@^1.4.0:
  version "1.4.0"
  resolved "https://registry.yarnpkg.com/loose-envify/-/loose-envify-1.4.0.tgz#71ee51fa7be4caec1a63839f7e682d8132d30caf"
  integrity sha512-lyuxPGr/Wfhrlem2CL/UcnUc1zcqKAImBDzukY7Y5F/yQiNdko6+fRLevlw1HgMySw7f611UIY408EtxRSoK3Q==
  dependencies:
    js-tokens "^3.0.0 || ^4.0.0"

memoize-one@^4.0.0:
  version "4.0.2"
  resolved "https://registry.yarnpkg.com/memoize-one/-/memoize-one-4.0.2.tgz#3fb8db695aa14ab9c0f1644e1585a8806adc1aee"
  integrity sha512-ucx2DmXTeZTsS4GPPUZCbULAN7kdPT1G+H49Y34JjbQ5ESc6OGhVxKvb1iKhr9v19ZB9OtnHwNnhUnNR/7Wteg==

node-fetch@^1.0.1:
  version "1.7.3"
  resolved "https://registry.yarnpkg.com/node-fetch/-/node-fetch-1.7.3.tgz#980f6f72d85211a5347c6b2bc18c5b84c3eb47ef"
  integrity sha512-NhZ4CsKx7cYm2vSrBAr2PvFOe6sWDf0UYLRqA6svUYg7+/TSfVAu49jYC4BvQ4Sms9SZgdqGBgroqfDhJdTyKQ==
  dependencies:
    encoding "^0.1.11"
    is-stream "^1.0.1"

object-assign@^4.1.0, object-assign@^4.1.1:
  version "4.1.1"
  resolved "https://registry.yarnpkg.com/object-assign/-/object-assign-4.1.1.tgz#2109adc7965887cfc05cbbd442cac8bfbb360863"
  integrity sha1-IQmtx5ZYh8/AXLvUQsrIv7s2CGM=

optimism@^0.6.6:
  version "0.6.6"
  resolved "https://registry.yarnpkg.com/optimism/-/optimism-0.6.6.tgz#5415b2d6a2f8b3745aedb9f97fdf4e52467ecd84"
  integrity sha512-1Y6LY7pYbXP5y6yeXYfXhxJi9hsxYAZWpt7bBp4seAwfcYtaN7tq9wot/pdrhyI809/K4gDm3BcZcEkmwGevjg==
  dependencies:
    immutable-tuple "^0.4.4"

postcss-value-parser@^3.3.0:
  version "3.3.1"
  resolved "https://registry.yarnpkg.com/postcss-value-parser/-/postcss-value-parser-3.3.1.tgz#9ff822547e2893213cf1c30efa51ac5fd1ba8281"
  integrity sha512-pISE66AbVkp4fDQ7VHBwRNXzAAKJjw4Vw7nWI/+Q3vuly7SNfgYXvm6i5IgFylHGK5sP/xHAbB7N49OS4gWNyQ==

promise@^7.1.1:
  version "7.3.1"
  resolved "https://registry.yarnpkg.com/promise/-/promise-7.3.1.tgz#064b72602b18f90f29192b8b1bc418ffd1ebd3bf"
  integrity sha512-nolQXZ/4L+bP/UGlkfaIujX9BKxGwmQ9OT4mOt5yvy8iK1h3wqTEJCijzGANTCCl9nWjY41juyAn2K3Q1hLLTg==
  dependencies:
    asap "~2.0.3"

prop-types@^15.5.4, prop-types@^15.6.0, prop-types@^15.6.1, prop-types@^15.6.2:
  version "15.6.2"
  resolved "https://registry.yarnpkg.com/prop-types/-/prop-types-15.6.2.tgz#05d5ca77b4453e985d60fc7ff8c859094a497102"
  integrity sha512-3pboPvLiWD7dkI3qf3KbUe6hKFKa52w+AE0VCqECtf+QHAKgOL37tTaNCnuX1nAAQ4ZhyP+kYVKf8rLmJ/feDQ==
  dependencies:
    loose-envify "^1.3.1"
    object-assign "^4.1.1"

react-apollo@^2.2.4:
  version "2.2.4"
  resolved "https://registry.yarnpkg.com/react-apollo/-/react-apollo-2.2.4.tgz#05b2a91deb4d5f30d2511fc663abc465b219435e"
  integrity sha512-haS5R30Qvteb65ZLfWomUZQh47VU4ld4Kof3zlqdbLOrYPt3/DdVZC8ZFPZSxd5zPeIJtZqpUfAxD1WHVoMPIA==
  dependencies:
    fbjs "^1.0.0"
    hoist-non-react-statics "^3.0.0"
    invariant "^2.2.2"
    lodash.flowright "^3.5.0"
    lodash.isequal "^4.5.0"
    prop-types "^15.6.0"

react-is@^16.3.1, react-is@^16.3.2:
  version "16.5.2"
  resolved "https://registry.yarnpkg.com/react-is/-/react-is-16.5.2.tgz#e2a7b7c3f5d48062eb769fcb123505eb928722e3"
  integrity sha512-hSl7E6l25GTjNEZATqZIuWOgSnpXb3kD0DVCujmg46K5zLxsbiKaaT6VO9slkSBDPZfYs30lwfJwbOFOnoEnKQ==

react-lifecycles-compat@^3.0.4:
  version "3.0.4"
  resolved "https://registry.yarnpkg.com/react-lifecycles-compat/-/react-lifecycles-compat-3.0.4.tgz#4f1a273afdfc8f3488a8c516bfda78f872352362"
  integrity sha512-fBASbA6LnOU9dOU2eW7aQ8xmYBSXUIWr+UmF9b1efZBazGNO+rcXT/icdKnYm2pTwcRylVUYwW7H1PHfLekVzA==

react-spring@^5.9.2:
  version "5.9.2"
  resolved "https://registry.yarnpkg.com/react-spring/-/react-spring-5.9.2.tgz#4c4e048ffce24755eaa60acd2f3fe4a3d686ef16"
  integrity sha512-ZDCBm4OaYuuSER3k7EELn9AKGs98HI23qMRL93zUUw6AlyBmqoU+eAfouGRx47gVkZkH+hArJXBHf4UGYpH9Og==
  dependencies:
    "@babel/runtime" "^7.0.0"

react-toastify@^4.4.0:
  version "4.4.0"
  resolved "https://registry.yarnpkg.com/react-toastify/-/react-toastify-4.4.0.tgz#b10649c6d95c93c617ba4cadfddd16e6db34b559"
  integrity sha512-nTp084SO1rapKggtiWKpN2DE/wgWpJRT3OqAjpi52CeymhybA0IElmWWdqg1sUCBV1lFb4LlmPUIe5XrVz8q0g==
  dependencies:
    classnames "^2.2.6"
    prop-types "^15.6.0"
    react-transition-group "^2.4.0"

react-transition-group@^2.4.0:
  version "2.5.0"
  resolved "https://registry.yarnpkg.com/react-transition-group/-/react-transition-group-2.5.0.tgz#70bca0e3546102c4dc5cf3f5f57f73447cce6874"
  integrity sha512-qYB3JBF+9Y4sE4/Mg/9O6WFpdoYjeeYqx0AFb64PTazVy8RPMiE3A47CG9QmM4WJ/mzDiZYslV+Uly6O1Erlgw==
  dependencies:
    dom-helpers "^3.3.1"
    loose-envify "^1.4.0"
    prop-types "^15.6.2"
    react-lifecycles-compat "^3.0.4"

regenerator-runtime@^0.12.0:
  version "0.12.1"
  resolved "https://registry.yarnpkg.com/regenerator-runtime/-/regenerator-runtime-0.12.1.tgz#fa1a71544764c036f8c49b13a08b2594c9f8a0de"
  integrity sha512-odxIc1/vDlo4iZcfXqRYFj0vpXFNoGdKMAUieAlFYO6m/nl5e9KR/beGf41z4a1FI+aQgtjhuaSlDxQ0hmkrHg==

"safer-buffer@>= 2.1.2 < 3":
  version "2.1.2"
  resolved "https://registry.yarnpkg.com/safer-buffer/-/safer-buffer-2.1.2.tgz#44fa161b0187b9549dd84bb91802f9bd8385cd6a"
  integrity sha512-YZo3K82SD7Riyi0E1EQPojLz7kpepnSQI9IyPbHHg1XXXevb5dJI7tpyN2ADxGcQbHG7vcyRHk0cbwqcQriUtg==

setimmediate@^1.0.5:
  version "1.0.5"
  resolved "https://registry.yarnpkg.com/setimmediate/-/setimmediate-1.0.5.tgz#290cbb232e306942d7d7ea9b83732ab7856f8285"
  integrity sha1-KQy7Iy4waULX1+qbg3Mqt4VvgoU=

styled-components@^4.0.0:
  version "4.0.0"
  resolved "https://registry.yarnpkg.com/styled-components/-/styled-components-4.0.0.tgz#bd37d79408246302051cd63f52a3539f70aa3197"
  integrity sha512-+SXoKjaXmApQHjQXNY5pxuRpnabR7vnL6J59Gtcj118ll8gsg9MM8gkjWu6Ahc0NB9kLjh3O9Ho2iun6uLunVA==
  dependencies:
    "@emotion/is-prop-valid" "^0.6.8"
    babel-plugin-styled-components ">= 1"
    css-to-react-native "^2.2.2"
    memoize-one "^4.0.0"
    prop-types "^15.5.4"
    react-is "^16.3.1"
    stylis "^3.5.0"
    stylis-rule-sheet "^0.0.10"

stylis-rule-sheet@^0.0.10:
  version "0.0.10"
  resolved "https://registry.yarnpkg.com/stylis-rule-sheet/-/stylis-rule-sheet-0.0.10.tgz#44e64a2b076643f4b52e5ff71efc04d8c3c4a430"
  integrity sha512-nTbZoaqoBnmK+ptANthb10ZRZOGC+EmTLLUxeYIuHNkEKcmKgXX1XWKkUBT2Ac4es3NybooPe0SmvKdhKJZAuw==

stylis@^3.5.0:
  version "3.5.3"
  resolved "https://registry.yarnpkg.com/stylis/-/stylis-3.5.3.tgz#99fdc46afba6af4deff570825994181a5e6ce546"
  integrity sha512-TxU0aAscJghF9I3V9q601xcK3Uw1JbXvpsBGj/HULqexKOKlOEzzlIpLFRbKkCK990ccuxfXUqmPbIIo7Fq/cQ==

symbol-observable@^1.0.2:
  version "1.2.0"
  resolved "https://registry.yarnpkg.com/symbol-observable/-/symbol-observable-1.2.0.tgz#c22688aed4eab3cdc2dfeacbb561660560a00804"
  integrity sha512-e900nM8RRtGhlV36KGEU9k65K3mPb1WV70OdjfxlG2EAuM1noi/E/BaW/uMhL7bPEssK8QV57vN3esixjUvcXQ==

to-fast-properties@^2.0.0:
  version "2.0.0"
  resolved "https://registry.yarnpkg.com/to-fast-properties/-/to-fast-properties-2.0.0.tgz#dc5e698cbd079265bc73e0377681a4e4e83f616e"
  integrity sha1-3F5pjL0HkmW8c+A3doGk5Og/YW4=

ua-parser-js@^0.7.18:
  version "0.7.18"
  resolved "https://registry.yarnpkg.com/ua-parser-js/-/ua-parser-js-0.7.18.tgz#a7bfd92f56edfb117083b69e31d2aa8882d4b1ed"
  integrity sha512-LtzwHlVHwFGTptfNSgezHp7WUlwiqb0gA9AALRbKaERfxwJoiX0A73QbTToxteIAuIaFshhgIZfqK8s7clqgnA==

warning@^3.0.0:
  version "3.0.0"
  resolved "https://registry.yarnpkg.com/warning/-/warning-3.0.0.tgz#32e5377cb572de4ab04753bdf8821c01ed605b7c"
  integrity sha1-MuU3fLVy3kqwR1O9+IIcAe1gW3w=
  dependencies:
    loose-envify "^1.0.0"

whatwg-fetch@>=0.10.0:
  version "3.0.0"
  resolved "https://registry.yarnpkg.com/whatwg-fetch/-/whatwg-fetch-3.0.0.tgz#fc804e458cc460009b1a2b966bc8817d2578aefb"
  integrity sha512-9GSJUgz1D4MfyKU7KRqwOjXCXTqWdFNvEr7eUBYchQiVc744mqK/MzXPNR2WsPkmkOa4ywfg8C2n8h+13Bey1Q==

zen-observable-ts@^0.8.10:
  version "0.8.10"
  resolved "https://registry.yarnpkg.com/zen-observable-ts/-/zen-observable-ts-0.8.10.tgz#18e2ce1c89fe026e9621fd83cc05168228fce829"
  integrity sha512-5vqMtRggU/2GhePC9OU4sYEWOdvmayp2k3gjPf4F0mXwB3CSbbNznfDUvDJx9O2ZTa1EIXdJhPchQveFKwNXPQ==
  dependencies:
    zen-observable "^0.8.0"

zen-observable@^0.8.0:
  version "0.8.9"
  resolved "https://registry.yarnpkg.com/zen-observable/-/zen-observable-0.8.9.tgz#0475c760ff0eda046bbdfa4dc3f95d392807ac53"
  integrity sha512-Y9kPzjGvIZ5jchSlqlCpBW3I82zBBL4z+ulXDRVA1NwsKzjt5kwAi+gOYIy0htNkfuehGZZtP5mRXHRV6TjDWw==
